// !$*UTF8*$!
{
	archiveVersion = 1;
	classes = {
	};
	objectVersion = 50;
	objects = {

/* Begin PBXBuildFile section */
		00E3049F22990C5400CCC69F /* AppDelegate.swift in Sources */ = {isa = PBXBuildFile; fileRef = 00E3049E22990C5400CCC69F /* AppDelegate.swift */; };
		00E304A122990C5400CCC69F /* ViewController.swift in Sources */ = {isa = PBXBuildFile; fileRef = 00E304A022990C5400CCC69F /* ViewController.swift */; };
		00E304A422990C5400CCC69F /* Main.storyboard in Resources */ = {isa = PBXBuildFile; fileRef = 00E304A222990C5400CCC69F /* Main.storyboard */; };
		00E304A622990C5600CCC69F /* Assets.xcassets in Resources */ = {isa = PBXBuildFile; fileRef = 00E304A522990C5600CCC69F /* Assets.xcassets */; };
		00E304A922990C5600CCC69F /* LaunchScreen.storyboard in Resources */ = {isa = PBXBuildFile; fileRef = 00E304A722990C5600CCC69F /* LaunchScreen.storyboard */; };
		00E304B3229910DC00CCC69F /* CoreDataStack.swift in Sources */ = {isa = PBXBuildFile; fileRef = 00E304B2229910DC00CCC69F /* CoreDataStack.swift */; };
		00E304B62299149F00CCC69F /* Dog Walk.xcdatamodeld in Sources */ = {isa = PBXBuildFile; fileRef = 00E304B42299149F00CCC69F /* Dog Walk.xcdatamodeld */; };
		00E304C42299168A00CCC69F /* Walk+CoreDataClass.swift in Sources */ = {isa = PBXBuildFile; fileRef = 00E304C02299168A00CCC69F /* Walk+CoreDataClass.swift */; };
		00E304C52299168A00CCC69F /* Walk+CoreDataProperties.swift in Sources */ = {isa = PBXBuildFile; fileRef = 00E304C12299168A00CCC69F /* Walk+CoreDataProperties.swift */; };
		00E304C62299168A00CCC69F /* Dog+CoreDataClass.swift in Sources */ = {isa = PBXBuildFile; fileRef = 00E304C22299168A00CCC69F /* Dog+CoreDataClass.swift */; };
		00E304C72299168A00CCC69F /* Dog+CoreDataProperties.swift in Sources */ = {isa = PBXBuildFile; fileRef = 00E304C32299168A00CCC69F /* Dog+CoreDataProperties.swift */; };
/* End PBXBuildFile section */

/* Begin PBXFileReference section */
		00E3049B22990C5400CCC69F /* DogWalk.app */ = {isa = PBXFileReference; explicitFileType = wrapper.application; includeInIndex = 0; path = DogWalk.app; sourceTree = BUILT_PRODUCTS_DIR; };
		00E3049E22990C5400CCC69F /* AppDelegate.swift */ = {isa = PBXFileReference; lastKnownFileType = sourcecode.swift; path = AppDelegate.swift; sourceTree = "<group>"; };
		00E304A022990C5400CCC69F /* ViewController.swift */ = {isa = PBXFileReference; lastKnownFileType = sourcecode.swift; path = ViewController.swift; sourceTree = "<group>"; };
		00E304A322990C5400CCC69F /* Base */ = {isa = PBXFileReference; lastKnownFileType = file.storyboard; name = Base; path = Base.lproj/Main.storyboard; sourceTree = "<group>"; };
		00E304A522990C5600CCC69F /* Assets.xcassets */ = {isa = PBXFileReference; lastKnownFileType = folder.assetcatalog; path = Assets.xcassets; sourceTree = "<group>"; };
		00E304A822990C5600CCC69F /* Base */ = {isa = PBXFileReference; lastKnownFileType = file.storyboard; name = Base; path = Base.lproj/LaunchScreen.storyboard; sourceTree = "<group>"; };
		00E304AA22990C5600CCC69F /* Info.plist */ = {isa = PBXFileReference; lastKnownFileType = text.plist.xml; path = Info.plist; sourceTree = "<group>"; };
		00E304B2229910DC00CCC69F /* CoreDataStack.swift */ = {isa = PBXFileReference; lastKnownFileType = sourcecode.swift; path = CoreDataStack.swift; sourceTree = "<group>"; };
		00E304B52299149F00CCC69F /* Dog Walk.xcdatamodel */ = {isa = PBXFileReference; lastKnownFileType = wrapper.xcdatamodel; path = "Dog Walk.xcdatamodel"; sourceTree = "<group>"; };
		00E304C02299168A00CCC69F /* Walk+CoreDataClass.swift */ = {isa = PBXFileReference; lastKnownFileType = sourcecode.swift; path = "Walk+CoreDataClass.swift"; sourceTree = "<group>"; };
		00E304C12299168A00CCC69F /* Walk+CoreDataProperties.swift */ = {isa = PBXFileReference; lastKnownFileType = sourcecode.swift; path = "Walk+CoreDataProperties.swift"; sourceTree = "<group>"; };
		00E304C22299168A00CCC69F /* Dog+CoreDataClass.swift */ = {isa = PBXFileReference; lastKnownFileType = sourcecode.swift; path = "Dog+CoreDataClass.swift"; sourceTree = "<group>"; };
		00E304C32299168A00CCC69F /* Dog+CoreDataProperties.swift */ = {isa = PBXFileReference; lastKnownFileType = sourcecode.swift; path = "Dog+CoreDataProperties.swift"; sourceTree = "<group>"; };
/* End PBXFileReference section */

/* Begin PBXFrameworksBuildPhase section */
		00E3049822990C5400CCC69F /* Frameworks */ = {
			isa = PBXFrameworksBuildPhase;
			buildActionMask = 2147483647;
			files = (
			);
			runOnlyForDeploymentPostprocessing = 0;
		};
/* End PBXFrameworksBuildPhase section */

/* Begin PBXGroup section */
		00E3049222990C5400CCC69F = {
			isa = PBXGroup;
			children = (
				00E3049D22990C5400CCC69F /* DogWalk */,
				00E3049C22990C5400CCC69F /* Products */,
			);
			sourceTree = "<group>";
		};
		00E3049C22990C5400CCC69F /* Products */ = {
			isa = PBXGroup;
			children = (
				00E3049B22990C5400CCC69F /* DogWalk.app */,
			);
			name = Products;
			sourceTree = "<group>";
		};
		00E3049D22990C5400CCC69F /* DogWalk */ = {
			isa = PBXGroup;
			children = (
				00E3049E22990C5400CCC69F /* AppDelegate.swift */,
				00E304A022990C5400CCC69F /* ViewController.swift */,
				00E304A222990C5400CCC69F /* Main.storyboard */,
				00E304A522990C5600CCC69F /* Assets.xcassets */,
				00E304A722990C5600CCC69F /* LaunchScreen.storyboard */,
				00E304AA22990C5600CCC69F /* Info.plist */,
				00E304B2229910DC00CCC69F /* CoreDataStack.swift */,
				00E304BF2299161700CCC69F /* Supprting FIles */,
			);
			path = DogWalk;
			sourceTree = "<group>";
		};
		00E304BF2299161700CCC69F /* Supprting FIles */ = {
			isa = PBXGroup;
			children = (
				00E304B42299149F00CCC69F /* Dog Walk.xcdatamodeld */,
				00E304C02299168A00CCC69F /* Walk+CoreDataClass.swift */,
				00E304C12299168A00CCC69F /* Walk+CoreDataProperties.swift */,
				00E304C22299168A00CCC69F /* Dog+CoreDataClass.swift */,
				00E304C32299168A00CCC69F /* Dog+CoreDataProperties.swift */,
			);
			path = "Supprting FIles";
			sourceTree = "<group>";
		};
/* End PBXGroup section */

/* Begin PBXNativeTarget section */
		00E3049A22990C5400CCC69F /* DogWalk */ = {
			isa = PBXNativeTarget;
			buildConfigurationList = 00E304AD22990C5600CCC69F /* Build configuration list for PBXNativeTarget "DogWalk" */;
			buildPhases = (
				00E3049722990C5400CCC69F /* Sources */,
				00E3049822990C5400CCC69F /* Frameworks */,
				00E3049922990C5400CCC69F /* Resources */,
			);
			buildRules = (
			);
			dependencies = (
			);
			name = DogWalk;
			productName = DogWalk;
			productReference = 00E3049B22990C5400CCC69F /* DogWalk.app */;
			productType = "com.apple.product-type.application";
		};
/* End PBXNativeTarget section */

/* Begin PBXProject section */
		00E3049322990C5400CCC69F /* Project object */ = {
			isa = PBXProject;
			attributes = {
				LastSwiftUpdateCheck = 1020;
				LastUpgradeCheck = 1020;
				ORGANIZATIONNAME = A;
				TargetAttributes = {
					00E3049A22990C5400CCC69F = {
						CreatedOnToolsVersion = 10.2;
					};
				};
			};
			buildConfigurationList = 00E3049622990C5400CCC69F /* Build configuration list for PBXProject "DogWalk" */;
			compatibilityVersion = "Xcode 9.3";
			developmentRegion = en;
			hasScannedForEncodings = 0;
			knownRegions = (
				en,
				Base,
			);
			mainGroup = 00E3049222990C5400CCC69F;
			productRefGroup = 00E3049C22990C5400CCC69F /* Products */;
			projectDirPath = "";
			projectRoot = "";
			targets = (
				00E3049A22990C5400CCC69F /* DogWalk */,
			);
		};
/* End PBXProject section */

/* Begin PBXResourcesBuildPhase section */
		00E3049922990C5400CCC69F /* Resources */ = {
			isa = PBXResourcesBuildPhase;
			buildActionMask = 2147483647;
			files = (
				00E304A922990C5600CCC69F /* LaunchScreen.storyboard in Resources */,
				00E304A622990C5600CCC69F /* Assets.xcassets in Resources */,
				00E304A422990C5400CCC69F /* Main.storyboard in Resources */,
			);
			runOnlyForDeploymentPostprocessing = 0;
		};
/* End PBXResourcesBuildPhase section */

/* Begin PBXSourcesBuildPhase section */
		00E3049722990C5400CCC69F /* Sources */ = {
			isa = PBXSourcesBuildPhase;
			buildActionMask = 2147483647;
			files = (
				00E304C42299168A00CCC69F /* Walk+CoreDataClass.swift in Sources */,
				00E304B3229910DC00CCC69F /* CoreDataStack.swift in Sources */,
				00E304A122990C5400CCC69F /* ViewController.swift in Sources */,
				00E304B62299149F00CCC69F /* Dog Walk.xcdatamodeld in Sources */,
				00E304C72299168A00CCC69F /* Dog+CoreDataProperties.swift in Sources */,
				00E304C52299168A00CCC69F /* Walk+CoreDataProperties.swift in Sources */,
				00E3049F22990C5400CCC69F /* AppDelegate.swift in Sources */,
				00E304C62299168A00CCC69F /* Dog+CoreDataClass.swift in Sources */,
			);
			runOnlyForDeploymentPostprocessing = 0;
		};
/* End PBXSourcesBuildPhase section */

/* Begin PBXVariantGroup section */
		00E304A222990C5400CCC69F /* Main.storyboard */ = {
			isa = PBXVariantGroup;
			children = (
				00E304A322990C5400CCC69F /* Base */,
			);
			name = Main.storyboard;
			sourceTree = "<group>";
		};
		00E304A722990C5600CCC69F /* LaunchScreen.storyboard */ = {
			isa = PBXVariantGroup;
			children = (
				00E304A822990C5600CCC69F /* Base */,
			);
			name = LaunchScreen.storyboard;
			sourceTree = "<group>";
		};
/* End PBXVariantGroup section */

/* Begin XCBuildConfiguration section */
		00E304AB22990C5600CCC69F /* Debug */ = {
			isa = XCBuildConfiguration;
			buildSettings = {
				ALWAYS_SEARCH_USER_PATHS = NO;
				CLANG_ANALYZER_NONNULL = YES;
				CLANG_ANALYZER_NUMBER_OBJECT_CONVERSION = YES_AGGRESSIVE;
				CLANG_CXX_LANGUAGE_STANDARD = "gnu++14";
				CLANG_CXX_LIBRARY = "libc++";
				CLANG_ENABLE_MODULES = YES;
				CLANG_ENABLE_OBJC_ARC = YES;
				CLANG_ENABLE_OBJC_WEAK = YES;
				CLANG_WARN_BLOCK_CAPTURE_AUTORELEASING = YES;
				CLANG_WARN_BOOL_CONVERSION = YES;
				CLANG_WARN_COMMA = YES;
				CLANG_WARN_CONSTANT_CONVERSION = YES;
				CLANG_WARN_DEPRECATED_OBJC_IMPLEMENTATIONS = YES;
				CLANG_WARN_DIRECT_OBJC_ISA_USAGE = YES_ERROR;
				CLANG_WARN_DOCUMENTATION_COMMENTS = YES;
				CLANG_WARN_EMPTY_BODY = YES;
				CLANG_WARN_ENUM_CONVERSION = YES;
				CLANG_WARN_INFINITE_RECURSION = YES;
				CLANG_WARN_INT_CONVERSION = YES;
				CLANG_WARN_NON_LITERAL_NULL_CONVERSION = YES;
				CLANG_WARN_OBJC_IMPLICIT_RETAIN_SELF = YES;
				CLANG_WARN_OBJC_LITERAL_CONVERSION = YES;
				CLANG_WARN_OBJC_ROOT_CLASS = YES_ERROR;
				CLANG_WARN_RANGE_LOOP_ANALYSIS = YES;
				CLANG_WARN_STRICT_PROTOTYPES = YES;
				CLANG_WARN_SUSPICIOUS_MOVE = YES;
				CLANG_WARN_UNGUARDED_AVAILABILITY = YES_AGGRESSIVE;
				CLANG_WARN_UNREACHABLE_CODE = YES;
				CLANG_WARN__DUPLICATE_METHOD_MATCH = YES;
				CODE_SIGN_IDENTITY = "iPhone Developer";
				COPY_PHASE_STRIP = NO;
				DEBUG_INFORMATION_FORMAT = dwarf;
				ENABLE_STRICT_OBJC_MSGSEND = YES;
				ENABLE_TESTABILITY = YES;
				GCC_C_LANGUAGE_STANDARD = gnu11;
				GCC_DYNAMIC_NO_PIC = NO;
				GCC_NO_COMMON_BLOCKS = YES;
				GCC_OPTIMIZATION_LEVEL = 0;
				GCC_PREPROCESSOR_DEFINITIONS = (
					"DEBUG=1",
					"$(inherited)",
				);
				GCC_WARN_64_TO_32_BIT_CONVERSION = YES;
				GCC_WARN_ABOUT_RETURN_TYPE = YES_ERROR;
				GCC_WARN_UNDECLARED_SELECTOR = YES;
				GCC_WARN_UNINITIALIZED_AUTOS = YES_AGGRESSIVE;
				GCC_WARN_UNUSED_FUNCTION = YES;
				GCC_WARN_UNUSED_VARIABLE = YES;
				IPHONEOS_DEPLOYMENT_TARGET = 12.2;
				MTL_ENABLE_DEBUG_INFO = INCLUDE_SOURCE;
				MTL_FAST_MATH = YES;
				ONLY_ACTIVE_ARCH = YES;
				SDKROOT = iphoneos;
				SWIFT_ACTIVE_COMPILATION_CONDITIONS = DEBUG;
				SWIFT_OPTIMIZATION_LEVEL = "-Onone";
			};
			name = Debug;
		};
		00E304AC22990C5600CCC69F /* Release */ = {
			isa = XCBuildConfiguration;
			buildSettings = {
				ALWAYS_SEARCH_USER_PATHS = NO;
				CLANG_ANALYZER_NONNULL = YES;
				CLANG_ANALYZER_NUMBER_OBJECT_CONVERSION = YES_AGGRESSIVE;
				CLANG_CXX_LANGUAGE_STANDARD = "gnu++14";
				CLANG_CXX_LIBRARY = "libc++";
				CLANG_ENABLE_MODULES = YES;
				CLANG_ENABLE_OBJC_ARC = YES;
				CLANG_ENABLE_OBJC_WEAK = YES;
				CLANG_WARN_BLOCK_CAPTURE_AUTORELEASING = YES;
				CLANG_WARN_BOOL_CONVERSION = YES;
				CLANG_WARN_COMMA = YES;
				CLANG_WARN_CONSTANT_CONVERSION = YES;
				CLANG_WARN_DEPRECATED_OBJC_IMPLEMENTATIONS = YES;
				CLANG_WARN_DIRECT_OBJC_ISA_USAGE = YES_ERROR;
				CLANG_WARN_DOCUMENTATION_COMMENTS = YES;
				CLANG_WARN_EMPTY_BODY = YES;
				CLANG_WARN_ENUM_CONVERSION = YES;
				CLANG_WARN_INFINITE_RECURSION = YES;
				CLANG_WARN_INT_CONVERSION = YES;
				CLANG_WARN_NON_LITERAL_NULL_CONVERSION = YES;
				CLANG_WARN_OBJC_IMPLICIT_RETAIN_SELF = YES;
				CLANG_WARN_OBJC_LITERAL_CONVERSION = YES;
				CLANG_WARN_OBJC_ROOT_CLASS = YES_ERROR;
				CLANG_WARN_RANGE_LOOP_ANALYSIS = YES;
				CLANG_WARN_STRICT_PROTOTYPES = YES;
				CLANG_WARN_SUSPICIOUS_MOVE = YES;
				CLANG_WARN_UNGUARDED_AVAILABILITY = YES_AGGRESSIVE;
				CLANG_WARN_UNREACHABLE_CODE = YES;
				CLANG_WARN__DUPLICATE_METHOD_MATCH = YES;
				CODE_SIGN_IDENTITY = "iPhone Developer";
				COPY_PHASE_STRIP = NO;
				DEBUG_INFORMATION_FORMAT = "dwarf-with-dsym";
				ENABLE_NS_ASSERTIONS = NO;
				ENABLE_STRICT_OBJC_MSGSEND = YES;
				GCC_C_LANGUAGE_STANDARD = gnu11;
				GCC_NO_COMMON_BLOCKS = YES;
				GCC_WARN_64_TO_32_BIT_CONVERSION = YES;
				GCC_WARN_ABOUT_RETURN_TYPE = YES_ERROR;
				GCC_WARN_UNDECLARED_SELECTOR = YES;
				GCC_WARN_UNINITIALIZED_AUTOS = YES_AGGRESSIVE;
				GCC_WARN_UNUSED_FUNCTION = YES;
				GCC_WARN_UNUSED_VARIABLE = YES;
				IPHONEOS_DEPLOYMENT_TARGET = 12.2;
				MTL_ENABLE_DEBUG_INFO = NO;
				MTL_FAST_MATH = YES;
				SDKROOT = iphoneos;
				SWIFT_COMPILATION_MODE = wholemodule;
				SWIFT_OPTIMIZATION_LEVEL = "-O";
				VALIDATE_PRODUCT = YES;
			};
			name = Release;
		};
		00E304AE22990C5600CCC69F /* Debug */ = {
			isa = XCBuildConfiguration;
			buildSettings = {
				ASSETCATALOG_COMPILER_APPICON_NAME = AppIcon;
				CODE_SIGN_STYLE = Automatic;
				DEVELOPMENT_TEAM = C2WZ997HDM;
				INFOPLIST_FILE = DogWalk/Info.plist;
				LD_RUNPATH_SEARCH_PATHS = (
					"$(inherited)",
					"@executable_path/Frameworks",
				);
				PRODUCT_BUNDLE_IDENTIFIER = com.a.DogWalk;
				PRODUCT_NAME = "$(TARGET_NAME)";
				SWIFT_VERSION = 5.0;
				TARGETED_DEVICE_FAMILY = "1,2";
			};
			name = Debug;
		};
		00E304AF22990C5600CCC69F /* Release */ = {
			isa = XCBuildConfiguration;
			buildSettings = {
				ASSETCATALOG_COMPILER_APPICON_NAME = AppIcon;
				CODE_SIGN_STYLE = Automatic;
				DEVELOPMENT_TEAM = C2WZ997HDM;
				INFOPLIST_FILE = DogWalk/Info.plist;
				LD_RUNPATH_SEARCH_PATHS = (
					"$(inherited)",
					"@executable_path/Frameworks",
				);
				PRODUCT_BUNDLE_IDENTIFIER = com.a.DogWalk;
				PRODUCT_NAME = "$(TARGET_NAME)";
				SWIFT_VERSION = 5.0;
				TARGETED_DEVICE_FAMILY = "1,2";
			};
			name = Release;
		};
/* End XCBuildConfiguration section */

/* Begin XCConfigurationList section */
		00E3049622990C5400CCC69F /* Build configuration list for PBXProject "DogWalk" */ = {
			isa = XCConfigurationList;
			buildConfigurations = (
				00E304AB22990C5600CCC69F /* Debug */,
				00E304AC22990C5600CCC69F /* Release */,
			);
			defaultConfigurationIsVisible = 0;
			defaultConfigurationName = Release;
		};
		00E304AD22990C5600CCC69F /* Build configuration list for PBXNativeTarget "DogWalk" */ = {
			isa = XCConfigurationList;
			buildConfigurations = (
				00E304AE22990C5600CCC69F /* Debug */,
				00E304AF22990C5600CCC69F /* Release */,
			);
			defaultConfigurationIsVisible = 0;
			defaultConfigurationName = Release;
		};
/* End XCConfigurationList section */

/* Begin XCVersionGroup section */
		00E304B42299149F00CCC69F /* Dog Walk.xcdatamodeld */ = {
			isa = XCVersionGroup;
			children = (
				00E304B52299149F00CCC69F /* Dog Walk.xcdatamodel */,
			);
			currentVersion = 00E304B52299149F00CCC69F /* Dog Walk.xcdatamodel */;
			path = "Dog Walk.xcdatamodeld";
			sourceTree = "<group>";
			versionGroupType = wrapper.xcdatamodel;
		};
/* End XCVersionGroup section */
	};
	rootObject = 00E3049322990C5400CCC69F /* Project object */;
}
